// !$*UTF8*$!
{
	archiveVersion = 1;
	classes = {
	};
	objectVersion = 46;
	objects = {

/* Begin PBXBuildFile section */
		71ADD5531BD8E1EC00196825 /* main.m in Sources */ = {isa = PBXBuildFile; fileRef = 71ADD5521BD8E1EC00196825 /* main.m */; };
		71ADD5561BD8E1EC00196825 /* AppDelegate.m in Sources */ = {isa = PBXBuildFile; fileRef = 71ADD5551BD8E1EC00196825 /* AppDelegate.m */; };
		71ADD5591BD8E1EC00196825 /* ViewController.m in Sources */ = {isa = PBXBuildFile; fileRef = 71ADD5581BD8E1EC00196825 /* ViewController.m */; };
		71ADD55C1BD8E1EC00196825 /* Main.storyboard in Resources */ = {isa = PBXBuildFile; fileRef = 71ADD55A1BD8E1EC00196825 /* Main.storyboard */; };
		71ADD55E1BD8E1EC00196825 /* Assets.xcassets in Resources */ = {isa = PBXBuildFile; fileRef = 71ADD55D1BD8E1EC00196825 /* Assets.xcassets */; };
		71ADD5611BD8E1EC00196825 /* LaunchScreen.storyboard in Resources */ = {isa = PBXBuildFile; fileRef = 71ADD55F1BD8E1EC00196825 /* LaunchScreen.storyboard */; };
		71ADD56C1BD8E1EC00196825 /* GCD04Tests.m in Sources */ = {isa = PBXBuildFile; fileRef = 71ADD56B1BD8E1EC00196825 /* GCD04Tests.m */; };
		71ADD5771BD8E1EC00196825 /* GCD04UITests.m in Sources */ = {isa = PBXBuildFile; fileRef = 71ADD5761BD8E1EC00196825 /* GCD04UITests.m */; };
		71ADD58E1BD8E21400196825 /* GCDGroup.m in Sources */ = {isa = PBXBuildFile; fileRef = 71ADD5871BD8E21400196825 /* GCDGroup.m */; settings = {ASSET_TAGS = (); }; };
		71ADD58F1BD8E21400196825 /* GCDQueue.m in Sources */ = {isa = PBXBuildFile; fileRef = 71ADD5891BD8E21400196825 /* GCDQueue.m */; settings = {ASSET_TAGS = (); }; };
		71ADD5901BD8E21400196825 /* GCDSemaphore.m in Sources */ = {isa = PBXBuildFile; fileRef = 71ADD58B1BD8E21400196825 /* GCDSemaphore.m */; settings = {ASSET_TAGS = (); }; };
		71ADD5911BD8E21400196825 /* GCDTimer.m in Sources */ = {isa = PBXBuildFile; fileRef = 71ADD58D1BD8E21400196825 /* GCDTimer.m */; settings = {ASSET_TAGS = (); }; };
/* End PBXBuildFile section */

/* Begin PBXContainerItemProxy section */
		71ADD5681BD8E1EC00196825 /* PBXContainerItemProxy */ = {
			isa = PBXContainerItemProxy;
			containerPortal = 71ADD5461BD8E1EC00196825 /* Project object */;
			proxyType = 1;
			remoteGlobalIDString = 71ADD54D1BD8E1EC00196825;
			remoteInfo = GCD04;
		};
		71ADD5731BD8E1EC00196825 /* PBXContainerItemProxy */ = {
			isa = PBXContainerItemProxy;
			containerPortal = 71ADD5461BD8E1EC00196825 /* Project object */;
			proxyType = 1;
			remoteGlobalIDString = 71ADD54D1BD8E1EC00196825;
			remoteInfo = GCD04;
		};
/* End PBXContainerItemProxy section */

/* Begin PBXFileReference section */
		71ADD54E1BD8E1EC00196825 /* GCD04.app */ = {isa = PBXFileReference; explicitFileType = wrapper.application; includeInIndex = 0; path = GCD04.app; sourceTree = BUILT_PRODUCTS_DIR; };
		71ADD5521BD8E1EC00196825 /* main.m */ = {isa = PBXFileReference; lastKnownFileType = sourcecode.c.objc; path = main.m; sourceTree = "<group>"; };
		71ADD5541BD8E1EC00196825 /* AppDelegate.h */ = {isa = PBXFileReference; lastKnownFileType = sourcecode.c.h; path = AppDelegate.h; sourceTree = "<group>"; };
		71ADD5551BD8E1EC00196825 /* AppDelegate.m */ = {isa = PBXFileReference; lastKnownFileType = sourcecode.c.objc; path = AppDelegate.m; sourceTree = "<group>"; };
		71ADD5571BD8E1EC00196825 /* ViewController.h */ = {isa = PBXFileReference; lastKnownFileType = sourcecode.c.h; path = ViewController.h; sourceTree = "<group>"; };
		71ADD5581BD8E1EC00196825 /* ViewController.m */ = {isa = PBXFileReference; lastKnownFileType = sourcecode.c.objc; path = ViewController.m; sourceTree = "<group>"; };
		71ADD55B1BD8E1EC00196825 /* Base */ = {isa = PBXFileReference; lastKnownFileType = file.storyboard; name = Base; path = Base.lproj/Main.storyboard; sourceTree = "<group>"; };
		71ADD55D1BD8E1EC00196825 /* Assets.xcassets */ = {isa = PBXFileReference; lastKnownFileType = folder.assetcatalog; path = Assets.xcassets; sourceTree = "<group>"; };
		71ADD5601BD8E1EC00196825 /* Base */ = {isa = PBXFileReference; lastKnownFileType = file.storyboard; name = Base; path = Base.lproj/LaunchScreen.storyboard; sourceTree = "<group>"; };
		71ADD5621BD8E1EC00196825 /* Info.plist */ = {isa = PBXFileReference; lastKnownFileType = text.plist.xml; path = Info.plist; sourceTree = "<group>"; };
		71ADD5671BD8E1EC00196825 /* GCD04Tests.xctest */ = {isa = PBXFileReference; explicitFileType = wrapper.cfbundle; includeInIndex = 0; path = GCD04Tests.xctest; sourceTree = BUILT_PRODUCTS_DIR; };
		71ADD56B1BD8E1EC00196825 /* GCD04Tests.m */ = {isa = PBXFileReference; lastKnownFileType = sourcecode.c.objc; path = GCD04Tests.m; sourceTree = "<group>"; };
		71ADD56D1BD8E1EC00196825 /* Info.plist */ = {isa = PBXFileReference; lastKnownFileType = text.plist.xml; path = Info.plist; sourceTree = "<group>"; };
		71ADD5721BD8E1EC00196825 /* GCD04UITests.xctest */ = {isa = PBXFileReference; explicitFileType = wrapper.cfbundle; includeInIndex = 0; path = GCD04UITests.xctest; sourceTree = BUILT_PRODUCTS_DIR; };
		71ADD5761BD8E1EC00196825 /* GCD04UITests.m */ = {isa = PBXFileReference; lastKnownFileType = sourcecode.c.objc; path = GCD04UITests.m; sourceTree = "<group>"; };
		71ADD5781BD8E1EC00196825 /* Info.plist */ = {isa = PBXFileReference; lastKnownFileType = text.plist.xml; path = Info.plist; sourceTree = "<group>"; };
		71ADD5851BD8E21400196825 /* GCD.h */ = {isa = PBXFileReference; fileEncoding = 4; lastKnownFileType = sourcecode.c.h; path = GCD.h; sourceTree = "<group>"; };
		71ADD5861BD8E21400196825 /* GCDGroup.h */ = {isa = PBXFileReference; fileEncoding = 4; lastKnownFileType = sourcecode.c.h; path = GCDGroup.h; sourceTree = "<group>"; };
		71ADD5871BD8E21400196825 /* GCDGroup.m */ = {isa = PBXFileReference; fileEncoding = 4; lastKnownFileType = sourcecode.c.objc; path = GCDGroup.m; sourceTree = "<group>"; };
		71ADD5881BD8E21400196825 /* GCDQueue.h */ = {isa = PBXFileReference; fileEncoding = 4; lastKnownFileType = sourcecode.c.h; path = GCDQueue.h; sourceTree = "<group>"; };
		71ADD5891BD8E21400196825 /* GCDQueue.m */ = {isa = PBXFileReference; fileEncoding = 4; lastKnownFileType = sourcecode.c.objc; path = GCDQueue.m; sourceTree = "<group>"; };
		71ADD58A1BD8E21400196825 /* GCDSemaphore.h */ = {isa = PBXFileReference; fileEncoding = 4; lastKnownFileType = sourcecode.c.h; path = GCDSemaphore.h; sourceTree = "<group>"; };
		71ADD58B1BD8E21400196825 /* GCDSemaphore.m */ = {isa = PBXFileReference; fileEncoding = 4; lastKnownFileType = sourcecode.c.objc; path = GCDSemaphore.m; sourceTree = "<group>"; };
		71ADD58C1BD8E21400196825 /* GCDTimer.h */ = {isa = PBXFileReference; fileEncoding = 4; lastKnownFileType = sourcecode.c.h; path = GCDTimer.h; sourceTree = "<group>"; };
		71ADD58D1BD8E21400196825 /* GCDTimer.m */ = {isa = PBXFileReference; fileEncoding = 4; lastKnownFileType = sourcecode.c.objc; path = GCDTimer.m; sourceTree = "<group>"; };
/* End PBXFileReference section */

/* Begin PBXFrameworksBuildPhase section */
		71ADD54B1BD8E1EC00196825 /* Frameworks */ = {
			isa = PBXFrameworksBuildPhase;
			buildActionMask = 2147483647;
			files = (
			);
			runOnlyForDeploymentPostprocessing = 0;
		};
		71ADD5641BD8E1EC00196825 /* Frameworks */ = {
			isa = PBXFrameworksBuildPhase;
			buildActionMask = 2147483647;
			files = (
			);
			runOnlyForDeploymentPostprocessing = 0;
		};
		71ADD56F1BD8E1EC00196825 /* Frameworks */ = {
			isa = PBXFrameworksBuildPhase;
			buildActionMask = 2147483647;
			files = (
			);
			runOnlyForDeploymentPostprocessing = 0;
		};
/* End PBXFrameworksBuildPhase section */

/* Begin PBXGroup section */
		71ADD5451BD8E1EC00196825 = {
			isa = PBXGroup;
			children = (
				71ADD5501BD8E1EC00196825 /* GCD04 */,
				71ADD56A1BD8E1EC00196825 /* GCD04Tests */,
				71ADD5751BD8E1EC00196825 /* GCD04UITests */,
				71ADD54F1BD8E1EC00196825 /* Products */,
			);
			sourceTree = "<group>";
		};
		71ADD54F1BD8E1EC00196825 /* Products */ = {
			isa = PBXGroup;
			children = (
				71ADD54E1BD8E1EC00196825 /* GCD04.app */,
				71ADD5671BD8E1EC00196825 /* GCD04Tests.xctest */,
				71ADD5721BD8E1EC00196825 /* GCD04UITests.xctest */,
			);
			name = Products;
			sourceTree = "<group>";
		};
		71ADD5501BD8E1EC00196825 /* GCD04 */ = {
			isa = PBXGroup;
			children = (
				71ADD5841BD8E1F500196825 /* GCDSource */,
				71ADD5541BD8E1EC00196825 /* AppDelegate.h */,
				71ADD5551BD8E1EC00196825 /* AppDelegate.m */,
				71ADD5571BD8E1EC00196825 /* ViewController.h */,
				71ADD5581BD8E1EC00196825 /* ViewController.m */,
				71ADD55A1BD8E1EC00196825 /* Main.storyboard */,
				71ADD55D1BD8E1EC00196825 /* Assets.xcassets */,
				71ADD55F1BD8E1EC00196825 /* LaunchScreen.storyboard */,
				71ADD5621BD8E1EC00196825 /* Info.plist */,
				71ADD5511BD8E1EC00196825 /* Supporting Files */,
			);
			path = GCD04;
			sourceTree = "<group>";
		};
		71ADD5511BD8E1EC00196825 /* Supporting Files */ = {
			isa = PBXGroup;
			children = (
				71ADD5521BD8E1EC00196825 /* main.m */,
			);
			name = "Supporting Files";
			sourceTree = "<group>";
		};
		71ADD56A1BD8E1EC00196825 /* GCD04Tests */ = {
			isa = PBXGroup;
			children = (
				71ADD56B1BD8E1EC00196825 /* GCD04Tests.m */,
				71ADD56D1BD8E1EC00196825 /* Info.plist */,
			);
			path = GCD04Tests;
			sourceTree = "<group>";
		};
		71ADD5751BD8E1EC00196825 /* GCD04UITests */ = {
			isa = PBXGroup;
			children = (
				71ADD5761BD8E1EC00196825 /* GCD04UITests.m */,
				71ADD5781BD8E1EC00196825 /* Info.plist */,
			);
			path = GCD04UITests;
			sourceTree = "<group>";
		};
		71ADD5841BD8E1F500196825 /* GCDSource */ = {
			isa = PBXGroup;
			children = (
				71ADD5851BD8E21400196825 /* GCD.h */,
				71ADD5861BD8E21400196825 /* GCDGroup.h */,
				71ADD5871BD8E21400196825 /* GCDGroup.m */,
				71ADD5881BD8E21400196825 /* GCDQueue.h */,
				71ADD5891BD8E21400196825 /* GCDQueue.m */,
				71ADD58A1BD8E21400196825 /* GCDSemaphore.h */,
				71ADD58B1BD8E21400196825 /* GCDSemaphore.m */,
				71ADD58C1BD8E21400196825 /* GCDTimer.h */,
				71ADD58D1BD8E21400196825 /* GCDTimer.m */,
			);
			name = GCDSource;
			sourceTree = "<group>";
		};
/* End PBXGroup section */

/* Begin PBXNativeTarget section */
		71ADD54D1BD8E1EC00196825 /* GCD04 */ = {
			isa = PBXNativeTarget;
			buildConfigurationList = 71ADD57B1BD8E1EC00196825 /* Build configuration list for PBXNativeTarget "GCD04" */;
			buildPhases = (
				71ADD54A1BD8E1EC00196825 /* Sources */,
				71ADD54B1BD8E1EC00196825 /* Frameworks */,
				71ADD54C1BD8E1EC00196825 /* Resources */,
			);
			buildRules = (
			);
			dependencies = (
			);
			name = GCD04;
			productName = GCD04;
			productReference = 71ADD54E1BD8E1EC00196825 /* GCD04.app */;
			productType = "com.apple.product-type.application";
		};
		71ADD5661BD8E1EC00196825 /* GCD04Tests */ = {
			isa = PBXNativeTarget;
			buildConfigurationList = 71ADD57E1BD8E1EC00196825 /* Build configuration list for PBXNativeTarget "GCD04Tests" */;
			buildPhases = (
				71ADD5631BD8E1EC00196825 /* Sources */,
				71ADD5641BD8E1EC00196825 /* Frameworks */,
				71ADD5651BD8E1EC00196825 /* Resources */,
			);
			buildRules = (
			);
			dependencies = (
				71ADD5691BD8E1EC00196825 /* PBXTargetDependency */,
			);
			name = GCD04Tests;
			productName = GCD04Tests;
			productReference = 71ADD5671BD8E1EC00196825 /* GCD04Tests.xctest */;
			productType = "com.apple.product-type.bundle.unit-test";
		};
		71ADD5711BD8E1EC00196825 /* GCD04UITests */ = {
			isa = PBXNativeTarget;
			buildConfigurationList = 71ADD5811BD8E1EC00196825 /* Build configuration list for PBXNativeTarget "GCD04UITests" */;
			buildPhases = (
				71ADD56E1BD8E1EC00196825 /* Sources */,
				71ADD56F1BD8E1EC00196825 /* Frameworks */,
				71ADD5701BD8E1EC00196825 /* Resources */,
			);
			buildRules = (
			);
			dependencies = (
				71ADD5741BD8E1EC00196825 /* PBXTargetDependency */,
			);
			name = GCD04UITests;
			productName = GCD04UITests;
			productReference = 71ADD5721BD8E1EC00196825 /* GCD04UITests.xctest */;
			productType = "com.apple.product-type.bundle.ui-testing";
		};
/* End PBXNativeTarget section */

/* Begin PBXProject section */
		71ADD5461BD8E1EC00196825 /* Project object */ = {
			isa = PBXProject;
			attributes = {
				LastUpgradeCheck = 0700;
				ORGANIZATIONNAME = chenyufengweb;
				TargetAttributes = {
					71ADD54D1BD8E1EC00196825 = {
						CreatedOnToolsVersion = 7.0.1;
						DevelopmentTeam = FA2863D27N;
					};
					71ADD5661BD8E1EC00196825 = {
						CreatedOnToolsVersion = 7.0.1;
						DevelopmentTeam = FA2863D27N;
						TestTargetID = 71ADD54D1BD8E1EC00196825;
					};
					71ADD5711BD8E1EC00196825 = {
						CreatedOnToolsVersion = 7.0.1;
						DevelopmentTeam = FA2863D27N;
						TestTargetID = 71ADD54D1BD8E1EC00196825;
					};
				};
			};
			buildConfigurationList = 71ADD5491BD8E1EC00196825 /* Build configuration list for PBXProject "GCD04" */;
			compatibilityVersion = "Xcode 3.2";
			developmentRegion = English;
			hasScannedForEncodings = 0;
			knownRegions = (
				en,
				Base,
			);
			mainGroup = 71ADD5451BD8E1EC00196825;
			productRefGroup = 71ADD54F1BD8E1EC00196825 /* Products */;
			projectDirPath = "";
			projectRoot = "";
			targets = (
				71ADD54D1BD8E1EC00196825 /* GCD04 */,
				71ADD5661BD8E1EC00196825 /* GCD04Tests */,
				71ADD5711BD8E1EC00196825 /* GCD04UITests */,
			);
		};
/* End PBXProject section */

/* Begin PBXResourcesBuildPhase section */
		71ADD54C1BD8E1EC00196825 /* Resources */ = {
			isa = PBXResourcesBuildPhase;
			buildActionMask = 2147483647;
			files = (
				71ADD5611BD8E1EC00196825 /* LaunchScreen.storyboard in Resources */,
				71ADD55E1BD8E1EC00196825 /* Assets.xcassets in Resources */,
				71ADD55C1BD8E1EC00196825 /* Main.storyboard in Resources */,
			);
			runOnlyForDeploymentPostprocessing = 0;
		};
		71ADD5651BD8E1EC00196825 /* Resources */ = {
			isa = PBXResourcesBuildPhase;
			buildActionMask = 2147483647;
			files = (
			);
			runOnlyForDeploymentPostprocessing = 0;
		};
		71ADD5701BD8E1EC00196825 /* Resources */ = {
			isa = PBXResourcesBuildPhase;
			buildActionMask = 2147483647;
			files = (
			);
			runOnlyForDeploymentPostprocessing = 0;
		};
/* End PBXResourcesBuildPhase section */

/* Begin PBXSourcesBuildPhase section */
		71ADD54A1BD8E1EC00196825 /* Sources */ = {
			isa = PBXSourcesBuildPhase;
			buildActionMask = 2147483647;
			files = (
				71ADD58E1BD8E21400196825 /* GCDGroup.m in Sources */,
				71ADD5591BD8E1EC00196825 /* ViewController.m in Sources */,
				71ADD5561BD8E1EC00196825 /* AppDelegate.m in Sources */,
				71ADD5531BD8E1EC00196825 /* main.m in Sources */,
				71ADD5911BD8E21400196825 /* GCDTimer.m in Sources */,
				71ADD58F1BD8E21400196825 /* GCDQueue.m in Sources */,
				71ADD5901BD8E21400196825 /* GCDSemaphore.m in Sources */,
			);
			runOnlyForDeploymentPostprocessing = 0;
		};
		71ADD5631BD8E1EC00196825 /* Sources */ = {
			isa = PBXSourcesBuildPhase;
			buildActionMask = 2147483647;
			files = (
				71ADD56C1BD8E1EC00196825 /* GCD04Tests.m in Sources */,
			);
			runOnlyForDeploymentPostprocessing = 0;
		};
		71ADD56E1BD8E1EC00196825 /* Sources */ = {
			isa = PBXSourcesBuildPhase;
			buildActionMask = 2147483647;
			files = (
				71ADD5771BD8E1EC00196825 /* GCD04UITests.m in Sources */,
			);
			runOnlyForDeploymentPostprocessing = 0;
		};
/* End PBXSourcesBuildPhase section */

/* Begin PBXTargetDependency section */
		71ADD5691BD8E1EC00196825 /* PBXTargetDependency */ = {
			isa = PBXTargetDependency;
			target = 71ADD54D1BD8E1EC00196825 /* GCD04 */;
			targetProxy = 71ADD5681BD8E1EC00196825 /* PBXContainerItemProxy */;
		};
		71ADD5741BD8E1EC00196825 /* PBXTargetDependency */ = {
			isa = PBXTargetDependency;
			target = 71ADD54D1BD8E1EC00196825 /* GCD04 */;
			targetProxy = 71ADD5731BD8E1EC00196825 /* PBXContainerItemProxy */;
		};
/* End PBXTargetDependency section */

/* Begin PBXVariantGroup section */
		71ADD55A1BD8E1EC00196825 /* Main.storyboard */ = {
			isa = PBXVariantGroup;
			children = (
				71ADD55B1BD8E1EC00196825 /* Base */,
			);
			name = Main.storyboard;
			sourceTree = "<group>";
		};
		71ADD55F1BD8E1EC00196825 /* LaunchScreen.storyboard */ = {
			isa = PBXVariantGroup;
			children = (
				71ADD5601BD8E1EC00196825 /* Base */,
			);
			name = LaunchScreen.storyboard;
			sourceTree = "<group>";
		};
/* End PBXVariantGroup section */

/* Begin XCBuildConfiguration section */
		71ADD5791BD8E1EC00196825 /* Debug */ = {
			isa = XCBuildConfiguration;
			buildSettings = {
				ALWAYS_SEARCH_USER_PATHS = NO;
				CLANG_CXX_LANGUAGE_STANDARD = "gnu++0x";
				CLANG_CXX_LIBRARY = "libc++";
				CLANG_ENABLE_MODULES = YES;
				CLANG_ENABLE_OBJC_ARC = YES;
				CLANG_WARN_BOOL_CONVERSION = YES;
				CLANG_WARN_CONSTANT_CONVERSION = YES;
				CLANG_WARN_DIRECT_OBJC_ISA_USAGE = YES_ERROR;
				CLANG_WARN_EMPTY_BODY = YES;
				CLANG_WARN_ENUM_CONVERSION = YES;
				CLANG_WARN_INT_CONVERSION = YES;
				CLANG_WARN_OBJC_ROOT_CLASS = YES_ERROR;
				CLANG_WARN_UNREACHABLE_CODE = YES;
				CLANG_WARN__DUPLICATE_METHOD_MATCH = YES;
				"CODE_SIGN_IDENTITY[sdk=iphoneos*]" = "iPhone Developer";
				COPY_PHASE_STRIP = NO;
				DEBUG_INFORMATION_FORMAT = dwarf;
				ENABLE_STRICT_OBJC_MSGSEND = YES;
				ENABLE_TESTABILITY = YES;
				GCC_C_LANGUAGE_STANDARD = gnu99;
				GCC_DYNAMIC_NO_PIC = NO;
				GCC_NO_COMMON_BLOCKS = YES;
				GCC_OPTIMIZATION_LEVEL = 0;
				GCC_PREPROCESSOR_DEFINITIONS = (
					"DEBUG=1",
					"$(inherited)",
				);
				GCC_WARN_64_TO_32_BIT_CONVERSION = YES;
				GCC_WARN_ABOUT_RETURN_TYPE = YES_ERROR;
				GCC_WARN_UNDECLARED_SELECTOR = YES;
				GCC_WARN_UNINITIALIZED_AUTOS = YES_AGGRESSIVE;
				GCC_WARN_UNUSED_FUNCTION = YES;
				GCC_WARN_UNUSED_VARIABLE = YES;
				IPHONEOS_DEPLOYMENT_TARGET = 9.0;
				MTL_ENABLE_DEBUG_INFO = YES;
				ONLY_ACTIVE_ARCH = YES;
				SDKROOT = iphoneos;
				TARGETED_DEVICE_FAMILY = "1,2";
			};
			name = Debug;
		};
		71ADD57A1BD8E1EC00196825 /* Release */ = {
			isa = XCBuildConfiguration;
			buildSettings = {
				ALWAYS_SEARCH_USER_PATHS = NO;
				CLANG_CXX_LANGUAGE_STANDARD = "gnu++0x";
				CLANG_CXX_LIBRARY = "libc++";
				CLANG_ENABLE_MODULES = YES;
				CLANG_ENABLE_OBJC_ARC = YES;
				CLANG_WARN_BOOL_CONVERSION = YES;
				CLANG_WARN_CONSTANT_CONVERSION = YES;
				CLANG_WARN_DIRECT_OBJC_ISA_USAGE = YES_ERROR;
				CLANG_WARN_EMPTY_BODY = YES;
				CLANG_WARN_ENUM_CONVERSION = YES;
				CLANG_WARN_INT_CONVERSION = YES;
				CLANG_WARN_OBJC_ROOT_CLASS = YES_ERROR;
				CLANG_WARN_UNREACHABLE_CODE = YES;
				CLANG_WARN__DUPLICATE_METHOD_MATCH = YES;
				"CODE_SIGN_IDENTITY[sdk=iphoneos*]" = "iPhone Developer";
				COPY_PHASE_STRIP = NO;
				DEBUG_INFORMATION_FORMAT = "dwarf-with-dsym";
				ENABLE_NS_ASSERTIONS = NO;
				ENABLE_STRICT_OBJC_MSGSEND = YES;
				GCC_C_LANGUAGE_STANDARD = gnu99;
				GCC_NO_COMMON_BLOCKS = YES;
				GCC_WARN_64_TO_32_BIT_CONVERSION = YES;
				GCC_WARN_ABOUT_RETURN_TYPE = YES_ERROR;
				GCC_WARN_UNDECLARED_SELECTOR = YES;
				GCC_WARN_UNINITIALIZED_AUTOS = YES_AGGRESSIVE;
				GCC_WARN_UNUSED_FUNCTION = YES;
				GCC_WARN_UNUSED_VARIABLE = YES;
				IPHONEOS_DEPLOYMENT_TARGET = 9.0;
				MTL_ENABLE_DEBUG_INFO = NO;
				SDKROOT = iphoneos;
				TARGETED_DEVICE_FAMILY = "1,2";
				VALIDATE_PRODUCT = YES;
			};
			name = Release;
		};
		71ADD57C1BD8E1EC00196825 /* Debug */ = {
			isa = XCBuildConfiguration;
			buildSettings = {
				ASSETCATALOG_COMPILER_APPICON_NAME = AppIcon;
				INFOPLIST_FILE = GCD04/Info.plist;
				LD_RUNPATH_SEARCH_PATHS = "$(inherited) @executable_path/Frameworks";
				PRODUCT_BUNDLE_IDENTIFIER = com.chenyufengweb.GCD04;
				PRODUCT_NAME = "$(TARGET_NAME)";
			};
			name = Debug;
		};
		71ADD57D1BD8E1EC00196825 /* Release */ = {
			isa = XCBuildConfiguration;
			buildSettings = {
				ASSETCATALOG_COMPILER_APPICON_NAME = AppIcon;
				INFOPLIST_FILE = GCD04/Info.plist;
				LD_RUNPATH_SEARCH_PATHS = "$(inherited) @executable_path/Frameworks";
				PRODUCT_BUNDLE_IDENTIFIER = com.chenyufengweb.GCD04;
				PRODUCT_NAME = "$(TARGET_NAME)";
			};
			name = Release;
		};
		71ADD57F1BD8E1EC00196825 /* Debug */ = {
			isa = XCBuildConfiguration;
			buildSettings = {
				BUNDLE_LOADER = "$(TEST_HOST)";
				INFOPLIST_FILE = GCD04Tests/Info.plist;
				LD_RUNPATH_SEARCH_PATHS = "$(inherited) @executable_path/Frameworks @loader_path/Frameworks";
				PRODUCT_BUNDLE_IDENTIFIER = com.chenyufengweb.GCD04Tests;
				PRODUCT_NAME = "$(TARGET_NAME)";
				TEST_HOST = "$(BUILT_PRODUCTS_DIR)/GCD04.app/GCD04";
			};
			name = Debug;
		};
		71ADD5801BD8E1EC00196825 /* Release */ = {
			isa = XCBuildConfiguration;
			buildSettings = {
				BUNDLE_LOADER = "$(TEST_HOST)";
				INFOPLIST_FILE = GCD04Tests/Info.plist;
				LD_RUNPATH_SEARCH_PATHS = "$(inherited) @executable_path/Frameworks @loader_path/Frameworks";
				PRODUCT_BUNDLE_IDENTIFIER = com.chenyufengweb.GCD04Tests;
				PRODUCT_NAME = "$(TARGET_NAME)";
				TEST_HOST = "$(BUILT_PRODUCTS_DIR)/GCD04.app/GCD04";
			};
			name = Release;
		};
		71ADD5821BD8E1EC00196825 /* Debug */ = {
			isa = XCBuildConfiguration;
			buildSettings = {
				INFOPLIST_FILE = GCD04UITests/Info.plist;
				LD_RUNPATH_SEARCH_PATHS = "$(inherited) @executable_path/Frameworks @loader_path/Frameworks";
				PRODUCT_BUNDLE_IDENTIFIER = com.chenyufengweb.GCD04UITests;
				PRODUCT_NAME = "$(TARGET_NAME)";
				TEST_TARGET_NAME = GCD04;
				USES_XCTRUNNER = YES;
			};
			name = Debug;
		};
		71ADD5831BD8E1EC00196825 /* Release */ = {
			isa = XCBuildConfiguration;
			buildSettings = {
				INFOPLIST_FILE = GCD04UITests/Info.plist;
				LD_RUNPATH_SEARCH_PATHS = "$(inherited) @executable_path/Frameworks @loader_path/Frameworks";
				PRODUCT_BUNDLE_IDENTIFIER = com.chenyufengweb.GCD04UITests;
				PRODUCT_NAME = "$(TARGET_NAME)";
				TEST_TARGET_NAME = GCD04;
				USES_XCTRUNNER = YES;
			};
			name = Release;
		};
/* End XCBuildConfiguration section */

/* Begin XCConfigurationList section */
		71ADD5491BD8E1EC00196825 /* Build configuration list for PBXProject "GCD04" */ = {
			isa = XCConfigurationList;
			buildConfigurations = (
				71ADD5791BD8E1EC00196825 /* Debug */,
				71ADD57A1BD8E1EC00196825 /* Release */,
			);
			defaultConfigurationIsVisible = 0;
			defaultConfigurationName = Release;
		};
		71ADD57B1BD8E1EC00196825 /* Build configuration list for PBXNativeTarget "GCD04" */ = {
			isa = XCConfigurationList;
			buildConfigurations = (
				71ADD57C1BD8E1EC00196825 /* Debug */,
				71ADD57D1BD8E1EC00196825 /* Release */,
			);
			defaultConfigurationIsVisible = 0;
		};
		71ADD57E1BD8E1EC00196825 /* Build configuration list for PBXNativeTarget "GCD04Tests" */ = {
			isa = XCConfigurationList;
			buildConfigurations = (
				71ADD57F1BD8E1EC00196825 /* Debug */,
				71ADD5801BD8E1EC00196825 /* Release */,
			);
			defaultConfigurationIsVisible = 0;
		};
		71ADD5811BD8E1EC00196825 /* Build configuration list for PBXNativeTarget "GCD04UITests" */ = {
			isa = XCConfigurationList;
			buildConfigurations = (
				71ADD5821BD8E1EC00196825 /* Debug */,
				71ADD5831BD8E1EC00196825 /* Release */,
			);
			defaultConfigurationIsVisible = 0;
		};
/* End XCConfigurationList section */
	};
	rootObject = 71ADD5461BD8E1EC00196825 /* Project object */;
}
